// !$*UTF8*$!
{
	archiveVersion = 1;
	classes = {
	};
	objectVersion = 50;
	objects = {

/* Begin PBXBuildFile section */
		6928577623B0DEC700BB43FA /* ImageCollectionViewCell.swift in Sources */ = {isa = PBXBuildFile; fileRef = 6928577423B0DEC700BB43FA /* ImageCollectionViewCell.swift */; };
		6928577723B0DEC700BB43FA /* ImageCollectionViewCell.xib in Resources */ = {isa = PBXBuildFile; fileRef = 6928577523B0DEC700BB43FA /* ImageCollectionViewCell.xib */; };
		6928577A23B0DED200BB43FA /* VideoCollectionViewCell.swift in Sources */ = {isa = PBXBuildFile; fileRef = 6928577823B0DED200BB43FA /* VideoCollectionViewCell.swift */; };
		6928577B23B0DED200BB43FA /* VideoCollectionViewCell.xib in Resources */ = {isa = PBXBuildFile; fileRef = 6928577923B0DED200BB43FA /* VideoCollectionViewCell.xib */; };
		6928577D23B0E22800BB43FA /* CollectionMediaView.swift in Sources */ = {isa = PBXBuildFile; fileRef = 6928577C23B0E22800BB43FA /* CollectionMediaView.swift */; };
		6928577F23B0ED2700BB43FA /* CollectionMediaView.xib in Resources */ = {isa = PBXBuildFile; fileRef = 6928577E23B0ED2700BB43FA /* CollectionMediaView.xib */; };
		6928578123B0FC0700BB43FA /* CollectionMediaViewProtocol.swift in Sources */ = {isa = PBXBuildFile; fileRef = 6928578023B0FC0700BB43FA /* CollectionMediaViewProtocol.swift */; };
		69BDA29723B0DD1C00F86DA3 /* AppDelegate.swift in Sources */ = {isa = PBXBuildFile; fileRef = 69BDA29623B0DD1C00F86DA3 /* AppDelegate.swift */; };
		69BDA29923B0DD1C00F86DA3 /* SceneDelegate.swift in Sources */ = {isa = PBXBuildFile; fileRef = 69BDA29823B0DD1C00F86DA3 /* SceneDelegate.swift */; };
		69BDA29B23B0DD1C00F86DA3 /* ViewController.swift in Sources */ = {isa = PBXBuildFile; fileRef = 69BDA29A23B0DD1C00F86DA3 /* ViewController.swift */; };
		69BDA29E23B0DD1C00F86DA3 /* Main.storyboard in Resources */ = {isa = PBXBuildFile; fileRef = 69BDA29C23B0DD1C00F86DA3 /* Main.storyboard */; };
		69BDA2A023B0DD1D00F86DA3 /* Assets.xcassets in Resources */ = {isa = PBXBuildFile; fileRef = 69BDA29F23B0DD1D00F86DA3 /* Assets.xcassets */; };
		69BDA2A323B0DD1D00F86DA3 /* LaunchScreen.storyboard in Resources */ = {isa = PBXBuildFile; fileRef = 69BDA2A123B0DD1D00F86DA3 /* LaunchScreen.storyboard */; };
/* End PBXBuildFile section */

/* Begin PBXFileReference section */
		6928577423B0DEC700BB43FA /* ImageCollectionViewCell.swift */ = {isa = PBXFileReference; lastKnownFileType = sourcecode.swift; path = ImageCollectionViewCell.swift; sourceTree = "<group>"; };
		6928577523B0DEC700BB43FA /* ImageCollectionViewCell.xib */ = {isa = PBXFileReference; lastKnownFileType = file.xib; path = ImageCollectionViewCell.xib; sourceTree = "<group>"; };
		6928577823B0DED200BB43FA /* VideoCollectionViewCell.swift */ = {isa = PBXFileReference; lastKnownFileType = sourcecode.swift; path = VideoCollectionViewCell.swift; sourceTree = "<group>"; };
		6928577923B0DED200BB43FA /* VideoCollectionViewCell.xib */ = {isa = PBXFileReference; lastKnownFileType = file.xib; path = VideoCollectionViewCell.xib; sourceTree = "<group>"; };
		6928577C23B0E22800BB43FA /* CollectionMediaView.swift */ = {isa = PBXFileReference; lastKnownFileType = sourcecode.swift; path = CollectionMediaView.swift; sourceTree = "<group>"; };
		6928577E23B0ED2700BB43FA /* CollectionMediaView.xib */ = {isa = PBXFileReference; lastKnownFileType = file.xib; path = CollectionMediaView.xib; sourceTree = "<group>"; };
		6928578023B0FC0700BB43FA /* CollectionMediaViewProtocol.swift */ = {isa = PBXFileReference; lastKnownFileType = sourcecode.swift; path = CollectionMediaViewProtocol.swift; sourceTree = "<group>"; };
		69BDA29323B0DD1C00F86DA3 /* CollectionMedia.app */ = {isa = PBXFileReference; explicitFileType = wrapper.application; includeInIndex = 0; path = CollectionMedia.app; sourceTree = BUILT_PRODUCTS_DIR; };
		69BDA29623B0DD1C00F86DA3 /* AppDelegate.swift */ = {isa = PBXFileReference; lastKnownFileType = sourcecode.swift; path = AppDelegate.swift; sourceTree = "<group>"; };
		69BDA29823B0DD1C00F86DA3 /* SceneDelegate.swift */ = {isa = PBXFileReference; lastKnownFileType = sourcecode.swift; path = SceneDelegate.swift; sourceTree = "<group>"; };
		69BDA29A23B0DD1C00F86DA3 /* ViewController.swift */ = {isa = PBXFileReference; lastKnownFileType = sourcecode.swift; path = ViewController.swift; sourceTree = "<group>"; };
		69BDA29D23B0DD1C00F86DA3 /* Base */ = {isa = PBXFileReference; lastKnownFileType = file.storyboard; name = Base; path = Base.lproj/Main.storyboard; sourceTree = "<group>"; };
		69BDA29F23B0DD1D00F86DA3 /* Assets.xcassets */ = {isa = PBXFileReference; lastKnownFileType = folder.assetcatalog; path = Assets.xcassets; sourceTree = "<group>"; };
		69BDA2A223B0DD1D00F86DA3 /* Base */ = {isa = PBXFileReference; lastKnownFileType = file.storyboard; name = Base; path = Base.lproj/LaunchScreen.storyboard; sourceTree = "<group>"; };
		69BDA2A423B0DD1D00F86DA3 /* Info.plist */ = {isa = PBXFileReference; lastKnownFileType = text.plist.xml; path = Info.plist; sourceTree = "<group>"; };
/* End PBXFileReference section */

/* Begin PBXFrameworksBuildPhase section */
		69BDA29023B0DD1C00F86DA3 /* Frameworks */ = {
			isa = PBXFrameworksBuildPhase;
			buildActionMask = 2147483647;
			files = (
			);
			runOnlyForDeploymentPostprocessing = 0;
		};
/* End PBXFrameworksBuildPhase section */

/* Begin PBXGroup section */
		6928577123B0DE9F00BB43FA /* Source */ = {
			isa = PBXGroup;
			children = (
				6928578023B0FC0700BB43FA /* CollectionMediaViewProtocol.swift */,
				6928577C23B0E22800BB43FA /* CollectionMediaView.swift */,
				6928577E23B0ED2700BB43FA /* CollectionMediaView.xib */,
				6928577423B0DEC700BB43FA /* ImageCollectionViewCell.swift */,
				6928577523B0DEC700BB43FA /* ImageCollectionViewCell.xib */,
				6928577823B0DED200BB43FA /* VideoCollectionViewCell.swift */,
				6928577923B0DED200BB43FA /* VideoCollectionViewCell.xib */,
			);
			path = Source;
			sourceTree = "<group>";
		};
		69BDA28A23B0DD1C00F86DA3 = {
			isa = PBXGroup;
			children = (
				69BDA29523B0DD1C00F86DA3 /* CollectionMedia */,
				69BDA29423B0DD1C00F86DA3 /* Products */,
			);
			sourceTree = "<group>";
		};
		69BDA29423B0DD1C00F86DA3 /* Products */ = {
			isa = PBXGroup;
			children = (
				69BDA29323B0DD1C00F86DA3 /* CollectionMedia.app */,
			);
			name = Products;
			sourceTree = "<group>";
		};
		69BDA29523B0DD1C00F86DA3 /* CollectionMedia */ = {
			isa = PBXGroup;
			children = (
				6928577123B0DE9F00BB43FA /* Source */,
				69BDA29623B0DD1C00F86DA3 /* AppDelegate.swift */,
				69BDA29823B0DD1C00F86DA3 /* SceneDelegate.swift */,
				69BDA29A23B0DD1C00F86DA3 /* ViewController.swift */,
				69BDA29C23B0DD1C00F86DA3 /* Main.storyboard */,
				69BDA2A123B0DD1D00F86DA3 /* LaunchScreen.storyboard */,
				69BDA29F23B0DD1D00F86DA3 /* Assets.xcassets */,
				69BDA2A423B0DD1D00F86DA3 /* Info.plist */,
			);
			path = CollectionMedia;
			sourceTree = "<group>";
		};
/* End PBXGroup section */

/* Begin PBXNativeTarget section */
		69BDA29223B0DD1C00F86DA3 /* CollectionMedia */ = {
			isa = PBXNativeTarget;
			buildConfigurationList = 69BDA2A723B0DD1D00F86DA3 /* Build configuration list for PBXNativeTarget "CollectionMedia" */;
			buildPhases = (
				69BDA28F23B0DD1C00F86DA3 /* Sources */,
				69BDA29023B0DD1C00F86DA3 /* Frameworks */,
				69BDA29123B0DD1C00F86DA3 /* Resources */,
			);
			buildRules = (
			);
			dependencies = (
			);
			name = CollectionMedia;
			productName = CollectionMedia;
			productReference = 69BDA29323B0DD1C00F86DA3 /* CollectionMedia.app */;
			productType = "com.apple.product-type.application";
		};
/* End PBXNativeTarget section */

/* Begin PBXProject section */
		69BDA28B23B0DD1C00F86DA3 /* Project object */ = {
			isa = PBXProject;
			attributes = {
				LastSwiftUpdateCheck = 1130;
				LastUpgradeCheck = 1130;
				ORGANIZATIONNAME = "Arturo Carretero Calvo";
				TargetAttributes = {
					69BDA29223B0DD1C00F86DA3 = {
						CreatedOnToolsVersion = 11.3;
					};
				};
			};
			buildConfigurationList = 69BDA28E23B0DD1C00F86DA3 /* Build configuration list for PBXProject "CollectionMedia" */;
			compatibilityVersion = "Xcode 9.3";
			developmentRegion = en;
			hasScannedForEncodings = 0;
			knownRegions = (
				en,
				Base,
			);
			mainGroup = 69BDA28A23B0DD1C00F86DA3;
			productRefGroup = 69BDA29423B0DD1C00F86DA3 /* Products */;
			projectDirPath = "";
			projectRoot = "";
			targets = (
				69BDA29223B0DD1C00F86DA3 /* CollectionMedia */,
			);
		};
/* End PBXProject section */

/* Begin PBXResourcesBuildPhase section */
		69BDA29123B0DD1C00F86DA3 /* Resources */ = {
			isa = PBXResourcesBuildPhase;
			buildActionMask = 2147483647;
			files = (
				6928577F23B0ED2700BB43FA /* CollectionMediaView.xib in Resources */,
				69BDA2A323B0DD1D00F86DA3 /* LaunchScreen.storyboard in Resources */,
				69BDA2A023B0DD1D00F86DA3 /* Assets.xcassets in Resources */,
				6928577B23B0DED200BB43FA /* VideoCollectionViewCell.xib in Resources */,
				6928577723B0DEC700BB43FA /* ImageCollectionViewCell.xib in Resources */,
				69BDA29E23B0DD1C00F86DA3 /* Main.storyboard in Resources */,
			);
			runOnlyForDeploymentPostprocessing = 0;
		};
/* End PBXResourcesBuildPhase section */

/* Begin PBXSourcesBuildPhase section */
		69BDA28F23B0DD1C00F86DA3 /* Sources */ = {
			isa = PBXSourcesBuildPhase;
			buildActionMask = 2147483647;
			files = (
				69BDA29B23B0DD1C00F86DA3 /* ViewController.swift in Sources */,
				6928577D23B0E22800BB43FA /* CollectionMediaView.swift in Sources */,
				69BDA29723B0DD1C00F86DA3 /* AppDelegate.swift in Sources */,
				6928578123B0FC0700BB43FA /* CollectionMediaViewProtocol.swift in Sources */,
				6928577623B0DEC700BB43FA /* ImageCollectionViewCell.swift in Sources */,
				6928577A23B0DED200BB43FA /* VideoCollectionViewCell.swift in Sources */,
				69BDA29923B0DD1C00F86DA3 /* SceneDelegate.swift in Sources */,
			);
			runOnlyForDeploymentPostprocessing = 0;
		};
/* End PBXSourcesBuildPhase section */

/* Begin PBXVariantGroup section */
		69BDA29C23B0DD1C00F86DA3 /* Main.storyboard */ = {
			isa = PBXVariantGroup;
			children = (
				69BDA29D23B0DD1C00F86DA3 /* Base */,
			);
			name = Main.storyboard;
			sourceTree = "<group>";
		};
		69BDA2A123B0DD1D00F86DA3 /* LaunchScreen.storyboard */ = {
			isa = PBXVariantGroup;
			children = (
				69BDA2A223B0DD1D00F86DA3 /* Base */,
			);
			name = LaunchScreen.storyboard;
			sourceTree = "<group>";
		};
/* End PBXVariantGroup section */

/* Begin XCBuildConfiguration section */
		69BDA2A523B0DD1D00F86DA3 /* Debug */ = {
			isa = XCBuildConfiguration;
			buildSettings = {
				ALWAYS_SEARCH_USER_PATHS = NO;
				CLANG_ANALYZER_NONNULL = YES;
				CLANG_ANALYZER_NUMBER_OBJECT_CONVERSION = YES_AGGRESSIVE;
				CLANG_CXX_LANGUAGE_STANDARD = "gnu++14";
				CLANG_CXX_LIBRARY = "libc++";
				CLANG_ENABLE_MODULES = YES;
				CLANG_ENABLE_OBJC_ARC = YES;
				CLANG_ENABLE_OBJC_WEAK = YES;
				CLANG_WARN_BLOCK_CAPTURE_AUTORELEASING = YES;
				CLANG_WARN_BOOL_CONVERSION = YES;
				CLANG_WARN_COMMA = YES;
				CLANG_WARN_CONSTANT_CONVERSION = YES;
				CLANG_WARN_DEPRECATED_OBJC_IMPLEMENTATIONS = YES;
				CLANG_WARN_DIRECT_OBJC_ISA_USAGE = YES_ERROR;
				CLANG_WARN_DOCUMENTATION_COMMENTS = YES;
				CLANG_WARN_EMPTY_BODY = YES;
				CLANG_WARN_ENUM_CONVERSION = YES;
				CLANG_WARN_INFINITE_RECURSION = YES;
				CLANG_WARN_INT_CONVERSION = YES;
				CLANG_WARN_NON_LITERAL_NULL_CONVERSION = YES;
				CLANG_WARN_OBJC_IMPLICIT_RETAIN_SELF = YES;
				CLANG_WARN_OBJC_LITERAL_CONVERSION = YES;
				CLANG_WARN_OBJC_ROOT_CLASS = YES_ERROR;
				CLANG_WARN_RANGE_LOOP_ANALYSIS = YES;
				CLANG_WARN_STRICT_PROTOTYPES = YES;
				CLANG_WARN_SUSPICIOUS_MOVE = YES;
				CLANG_WARN_UNGUARDED_AVAILABILITY = YES_AGGRESSIVE;
				CLANG_WARN_UNREACHABLE_CODE = YES;
				CLANG_WARN__DUPLICATE_METHOD_MATCH = YES;
				COPY_PHASE_STRIP = NO;
				DEBUG_INFORMATION_FORMAT = dwarf;
				ENABLE_STRICT_OBJC_MSGSEND = YES;
				ENABLE_TESTABILITY = YES;
				GCC_C_LANGUAGE_STANDARD = gnu11;
				GCC_DYNAMIC_NO_PIC = NO;
				GCC_NO_COMMON_BLOCKS = YES;
				GCC_OPTIMIZATION_LEVEL = 0;
				GCC_PREPROCESSOR_DEFINITIONS = (
					"DEBUG=1",
					"$(inherited)",
				);
				GCC_WARN_64_TO_32_BIT_CONVERSION = YES;
				GCC_WARN_ABOUT_RETURN_TYPE = YES_ERROR;
				GCC_WARN_UNDECLARED_SELECTOR = YES;
				GCC_WARN_UNINITIALIZED_AUTOS = YES_AGGRESSIVE;
				GCC_WARN_UNUSED_FUNCTION = YES;
				GCC_WARN_UNUSED_VARIABLE = YES;
				IPHONEOS_DEPLOYMENT_TARGET = 13.2;
				MTL_ENABLE_DEBUG_INFO = INCLUDE_SOURCE;
				MTL_FAST_MATH = YES;
				ONLY_ACTIVE_ARCH = YES;
				SDKROOT = iphoneos;
				SWIFT_ACTIVE_COMPILATION_CONDITIONS = DEBUG;
				SWIFT_OPTIMIZATION_LEVEL = "-Onone";
			};
			name = Debug;
		};
		69BDA2A623B0DD1D00F86DA3 /* Release */ = {
			isa = XCBuildConfiguration;
			buildSettings = {
				ALWAYS_SEARCH_USER_PATHS = NO;
				CLANG_ANALYZER_NONNULL = YES;
				CLANG_ANALYZER_NUMBER_OBJECT_CONVERSION = YES_AGGRESSIVE;
				CLANG_CXX_LANGUAGE_STANDARD = "gnu++14";
				CLANG_CXX_LIBRARY = "libc++";
				CLANG_ENABLE_MODULES = YES;
				CLANG_ENABLE_OBJC_ARC = YES;
				CLANG_ENABLE_OBJC_WEAK = YES;
				CLANG_WARN_BLOCK_CAPTURE_AUTORELEASING = YES;
				CLANG_WARN_BOOL_CONVERSION = YES;
				CLANG_WARN_COMMA = YES;
				CLANG_WARN_CONSTANT_CONVERSION = YES;
				CLANG_WARN_DEPRECATED_OBJC_IMPLEMENTATIONS = YES;
				CLANG_WARN_DIRECT_OBJC_ISA_USAGE = YES_ERROR;
				CLANG_WARN_DOCUMENTATION_COMMENTS = YES;
				CLANG_WARN_EMPTY_BODY = YES;
				CLANG_WARN_ENUM_CONVERSION = YES;
				CLANG_WARN_INFINITE_RECURSION = YES;
				CLANG_WARN_INT_CONVERSION = YES;
				CLANG_WARN_NON_LITERAL_NULL_CONVERSION = YES;
				CLANG_WARN_OBJC_IMPLICIT_RETAIN_SELF = YES;
				CLANG_WARN_OBJC_LITERAL_CONVERSION = YES;
				CLANG_WARN_OBJC_ROOT_CLASS = YES_ERROR;
				CLANG_WARN_RANGE_LOOP_ANALYSIS = YES;
				CLANG_WARN_STRICT_PROTOTYPES = YES;
				CLANG_WARN_SUSPICIOUS_MOVE = YES;
				CLANG_WARN_UNGUARDED_AVAILABILITY = YES_AGGRESSIVE;
				CLANG_WARN_UNREACHABLE_CODE = YES;
				CLANG_WARN__DUPLICATE_METHOD_MATCH = YES;
				COPY_PHASE_STRIP = NO;
				DEBUG_INFORMATION_FORMAT = "dwarf-with-dsym";
				ENABLE_NS_ASSERTIONS = NO;
				ENABLE_STRICT_OBJC_MSGSEND = YES;
				GCC_C_LANGUAGE_STANDARD = gnu11;
				GCC_NO_COMMON_BLOCKS = YES;
				GCC_WARN_64_TO_32_BIT_CONVERSION = YES;
				GCC_WARN_ABOUT_RETURN_TYPE = YES_ERROR;
				GCC_WARN_UNDECLARED_SELECTOR = YES;
				GCC_WARN_UNINITIALIZED_AUTOS = YES_AGGRESSIVE;
				GCC_WARN_UNUSED_FUNCTION = YES;
				GCC_WARN_UNUSED_VARIABLE = YES;
				IPHONEOS_DEPLOYMENT_TARGET = 13.2;
				MTL_ENABLE_DEBUG_INFO = NO;
				MTL_FAST_MATH = YES;
				SDKROOT = iphoneos;
				SWIFT_COMPILATION_MODE = wholemodule;
				SWIFT_OPTIMIZATION_LEVEL = "-O";
				VALIDATE_PRODUCT = YES;
			};
			name = Release;
		};
		69BDA2A823B0DD1D00F86DA3 /* Debug */ = {
			isa = XCBuildConfiguration;
			buildSettings = {
				ASSETCATALOG_COMPILER_APPICON_NAME = AppIcon;
				CODE_SIGN_STYLE = Automatic;
				INFOPLIST_FILE = CollectionMedia/Info.plist;
				LD_RUNPATH_SEARCH_PATHS = (
					"$(inherited)",
					"@executable_path/Frameworks",
				);
				MARKETING_VERSION = 1.0.0;
				PRODUCT_BUNDLE_IDENTIFIER = com.artcc.CollectionMedia;
				PRODUCT_NAME = "$(TARGET_NAME)";
				SWIFT_VERSION = 5.0;
				TARGETED_DEVICE_FAMILY = "1,2";
			};
			name = Debug;
		};
		69BDA2A923B0DD1D00F86DA3 /* Release */ = {
			isa = XCBuildConfiguration;
			buildSettings = {
				ASSETCATALOG_COMPILER_APPICON_NAME = AppIcon;
				CODE_SIGN_STYLE = Automatic;
				INFOPLIST_FILE = CollectionMedia/Info.plist;
				LD_RUNPATH_SEARCH_PATHS = (
					"$(inherited)",
					"@executable_path/Frameworks",
				);
				MARKETING_VERSION = 1.0.0;
				PRODUCT_BUNDLE_IDENTIFIER = com.artcc.CollectionMedia;
				PRODUCT_NAME = "$(TARGET_NAME)";
				SWIFT_VERSION = 5.0;
				TARGETED_DEVICE_FAMILY = "1,2";
			};
			name = Release;
		};
/* End XCBuildConfiguration section */

/* Begin XCConfigurationList section */
		69BDA28E23B0DD1C00F86DA3 /* Build configuration list for PBXProject "CollectionMedia" */ = {
			isa = XCConfigurationList;
			buildConfigurations = (
				69BDA2A523B0DD1D00F86DA3 /* Debug */,
				69BDA2A623B0DD1D00F86DA3 /* Release */,
			);
			defaultConfigurationIsVisible = 0;
			defaultConfigurationName = Release;
		};
		69BDA2A723B0DD1D00F86DA3 /* Build configuration list for PBXNativeTarget "CollectionMedia" */ = {
			isa = XCConfigurationList;
			buildConfigurations = (
				69BDA2A823B0DD1D00F86DA3 /* Debug */,
				69BDA2A923B0DD1D00F86DA3 /* Release */,
			);
			defaultConfigurationIsVisible = 0;
			defaultConfigurationName = Release;
		};
/* End XCConfigurationList section */
	};
	rootObject = 69BDA28B23B0DD1C00F86DA3 /* Project object */;
}
